
Microsoft Visual Studio Solution File, Format Version 12.00
# Visual Studio Version 16
VisualStudioVersion = 16.0.35229.62
MinimumVisualStudioVersion = 10.0.40219.1
Project("{8BC9CEB8-8B4A-11D0-8D11-00A0C91BC942}") = "test_RC", "test_RC.vcxproj", "{E09C5147-A3AF-4374-9C2B-7502685D00EF}"
EndProject
Global
	GlobalSection(SolutionConfigurationPlatforms) = preSolution
		Debug|x64 = Debug|x64
		Debug|x86 = Debug|x86
		Release|x64 = Release|x64
		Release|x86 = Release|x86
	EndGlobalSection
	GlobalSection(ProjectConfigurationPlatforms) = postSolution
		{E09C5147-A3AF-4374-9C2B-7502685D00EF}.Debug|x64.ActiveCfg = Debug|x64
		{E09C5147-A3AF-4374-9C2B-7502685D00EF}.Debug|x64.Build.0 = Debug|x64
		{E09C5147-A3AF-4374-9C2B-7502685D00EF}.Debug|x86.ActiveCfg = Debug|Win32
		{E09C5147-A3AF-4374-9C2B-7502685D00EF}.Debug|x86.Build.0 = Debug|Win32
		{E09C5147-A3AF-4374-9C2B-7502685D00EF}.Release|x64.ActiveCfg = Release|x64
		{E09C5147-A3AF-4374-9C2B-7502685D00EF}.Release|x64.Build.0 = Release|x64
		{E09C5147-A3AF-4374-9C2B-7502685D00EF}.Release|x86.ActiveCfg = Release|Win32
		{E09C5147-A3AF-4374-9C2B-7502685D00EF}.Release|x86.Build.0 = Release|Win32
	EndGlobalSection
	GlobalSection(SolutionProperties) = preSolution
		HideSolutionNode = FALSE
	EndGlobalSection
	GlobalSection(ExtensibilityGlobals) = postSolution
		SolutionGuid = {614F5E22-A792-4C0E-98A5-9D10C9EE8D81}
	EndGlobalSection
EndGlobal
